
Microsoft Visual Studio Solution File, Format Version 12.00
# Visual Studio Version 17
VisualStudioVersion = 17.6.33815.320
MinimumVisualStudioVersion = 10.0.40219.1
Project("{2150E333-8FDC-42A3-9474-1A3956D46DE8}") = "Identity", "Identity", "{CE010842-33C6-4796-8BA4-67997C4FA8A3}"
EndProject
Project("{9A19103F-16F7-4668-BE54-9A1E7A4F7556}") = "TaskManager.Identity.Api", "Identity\TaskManager.Identity.Api\TaskManager.Identity.Api.csproj", "{A3A928C4-BFEE-4F7E-A70C-6A37EC7841A6}"
	ProjectSection(ProjectDependencies) = postProject
		{3DF431A0-CF0B-4B92-9ACC-1EBCAD5B37C9} = {3DF431A0-CF0B-4B92-9ACC-1EBCAD5B37C9}
		{4169974D-126D-4BBC-AFD6-B51002343902} = {4169974D-126D-4BBC-AFD6-B51002343902}
		{C12C21D1-97DC-4F4B-8EFB-95E0F297F3E7} = {C12C21D1-97DC-4F4B-8EFB-95E0F297F3E7}
	EndProjectSection
EndProject
Project("{9A19103F-16F7-4668-BE54-9A1E7A4F7556}") = "TaskManager.Identity.Application", "Identity\TaskManager.Identity.Application\TaskManager.Identity.Application.csproj", "{3DF431A0-CF0B-4B92-9ACC-1EBCAD5B37C9}"
EndProject
Project("{9A19103F-16F7-4668-BE54-9A1E7A4F7556}") = "TaskManager.Identity.Infrastructure", "Identity\TaskManager.Identity.Infrastructure\TaskManager.Identity.Infrastructure.csproj", "{E52F67DD-FE6A-4379-A83A-3C5F350E7D8E}"
EndProject
Project("{9A19103F-16F7-4668-BE54-9A1E7A4F7556}") = "TaskManager.Identity.Domain", "Identity\TaskManager.Identity.Domain\TaskManager.Identity.Domain.csproj", "{4169974D-126D-4BBC-AFD6-B51002343902}"
EndProject
Project("{2150E333-8FDC-42A3-9474-1A3956D46DE8}") = "Business", "Business", "{1D041DD2-1052-4A76-81B2-1EFA51B60276}"
EndProject
Project("{9A19103F-16F7-4668-BE54-9A1E7A4F7556}") = "TaskManager.Business.Domain", "Business\TaskManager.Business.Domain\TaskManager.Business.Domain.csproj", "{F0D0B0FF-88DB-40F4-BC67-44F7CFE746C1}"
EndProject
Project("{9A19103F-16F7-4668-BE54-9A1E7A4F7556}") = "TaskManager.Business.Infrastructure", "Business\TaskManager.Business.Infrastructure\TaskManager.Business.Infrastructure.csproj", "{6ECF275C-9FE1-4A60-BC86-BE32F5E3D4AB}"
EndProject
Project("{9A19103F-16F7-4668-BE54-9A1E7A4F7556}") = "TaskManager.Business.Application", "Business\TaskManager.Business.Application\TaskManager.Business.Application.csproj", "{FDD90613-9883-4916-95EC-FD03C8156B82}"
EndProject
Project("{9A19103F-16F7-4668-BE54-9A1E7A4F7556}") = "TaskManager.Business.Api", "Business\TaskManager.Business.Api\TaskManager.Business.Api.csproj", "{525D3E9D-278C-4286-9DDE-F57801903657}"
	ProjectSection(ProjectDependencies) = postProject
		{C12C21D1-97DC-4F4B-8EFB-95E0F297F3E7} = {C12C21D1-97DC-4F4B-8EFB-95E0F297F3E7}
		{F0D0B0FF-88DB-40F4-BC67-44F7CFE746C1} = {F0D0B0FF-88DB-40F4-BC67-44F7CFE746C1}
	EndProjectSection
EndProject
Project("{2150E333-8FDC-42A3-9474-1A3956D46DE8}") = "CommonModels", "CommonModels", "{CFB38D3E-A801-4C31-AFB2-A268B6BD878D}"
EndProject
Project("{9A19103F-16F7-4668-BE54-9A1E7A4F7556}") = "TaskManager.CommonModels", "CommonModels\TaskManager.CommonModels\TaskManager.CommonModels.csproj", "{C12C21D1-97DC-4F4B-8EFB-95E0F297F3E7}"
EndProject
Project("{2150E333-8FDC-42A3-9474-1A3956D46DE8}") = "Gateway", "Gateway", "{450CA777-EFEC-4FDF-8461-5E2DAFD6A3F8}"
EndProject
Project("{9A19103F-16F7-4668-BE54-9A1E7A4F7556}") = "TaskManager.Gateway.Api", "Gateway\TaskManager.Gateway.Api\TaskManager.Gateway.Api.csproj", "{04358161-8751-42F4-98C6-BE908331E686}"
EndProject
Global
	GlobalSection(SolutionConfigurationPlatforms) = preSolution
		Debug|Any CPU = Debug|Any CPU
		Release|Any CPU = Release|Any CPU
	EndGlobalSection
	GlobalSection(ProjectConfigurationPlatforms) = postSolution
		{A3A928C4-BFEE-4F7E-A70C-6A37EC7841A6}.Debug|Any CPU.ActiveCfg = Debug|Any CPU
		{A3A928C4-BFEE-4F7E-A70C-6A37EC7841A6}.Debug|Any CPU.Build.0 = Debug|Any CPU
		{A3A928C4-BFEE-4F7E-A70C-6A37EC7841A6}.Release|Any CPU.ActiveCfg = Release|Any CPU
		{A3A928C4-BFEE-4F7E-A70C-6A37EC7841A6}.Release|Any CPU.Build.0 = Release|Any CPU
		{3DF431A0-CF0B-4B92-9ACC-1EBCAD5B37C9}.Debug|Any CPU.ActiveCfg = Debug|Any CPU
		{3DF431A0-CF0B-4B92-9ACC-1EBCAD5B37C9}.Debug|Any CPU.Build.0 = Debug|Any CPU
		{3DF431A0-CF0B-4B92-9ACC-1EBCAD5B37C9}.Release|Any CPU.ActiveCfg = Release|Any CPU
		{3DF431A0-CF0B-4B92-9ACC-1EBCAD5B37C9}.Release|Any CPU.Build.0 = Release|Any CPU
		{E52F67DD-FE6A-4379-A83A-3C5F350E7D8E}.Debug|Any CPU.ActiveCfg = Debug|Any CPU
		{E52F67DD-FE6A-4379-A83A-3C5F350E7D8E}.Debug|Any CPU.Build.0 = Debug|Any CPU
		{E52F67DD-FE6A-4379-A83A-3C5F350E7D8E}.Release|Any CPU.ActiveCfg = Release|Any CPU
		{E52F67DD-FE6A-4379-A83A-3C5F350E7D8E}.Release|Any CPU.Build.0 = Release|Any CPU
		{4169974D-126D-4BBC-AFD6-B51002343902}.Debug|Any CPU.ActiveCfg = Debug|Any CPU
		{4169974D-126D-4BBC-AFD6-B51002343902}.Debug|Any CPU.Build.0 = Debug|Any CPU
		{4169974D-126D-4BBC-AFD6-B51002343902}.Release|Any CPU.ActiveCfg = Release|Any CPU
		{4169974D-126D-4BBC-AFD6-B51002343902}.Release|Any CPU.Build.0 = Release|Any CPU
		{F0D0B0FF-88DB-40F4-BC67-44F7CFE746C1}.Debug|Any CPU.ActiveCfg = Debug|Any CPU
		{F0D0B0FF-88DB-40F4-BC67-44F7CFE746C1}.Debug|Any CPU.Build.0 = Debug|Any CPU
		{F0D0B0FF-88DB-40F4-BC67-44F7CFE746C1}.Release|Any CPU.ActiveCfg = Release|Any CPU
		{F0D0B0FF-88DB-40F4-BC67-44F7CFE746C1}.Release|Any CPU.Build.0 = Release|Any CPU
		{6ECF275C-9FE1-4A60-BC86-BE32F5E3D4AB}.Debug|Any CPU.ActiveCfg = Debug|Any CPU
		{6ECF275C-9FE1-4A60-BC86-BE32F5E3D4AB}.Debug|Any CPU.Build.0 = Debug|Any CPU
		{6ECF275C-9FE1-4A60-BC86-BE32F5E3D4AB}.Release|Any CPU.ActiveCfg = Release|Any CPU
		{6ECF275C-9FE1-4A60-BC86-BE32F5E3D4AB}.Release|Any CPU.Build.0 = Release|Any CPU
		{FDD90613-9883-4916-95EC-FD03C8156B82}.Debug|Any CPU.ActiveCfg = Debug|Any CPU
		{FDD90613-9883-4916-95EC-FD03C8156B82}.Debug|Any CPU.Build.0 = Debug|Any CPU
		{FDD90613-9883-4916-95EC-FD03C8156B82}.Release|Any CPU.ActiveCfg = Release|Any CPU
		{FDD90613-9883-4916-95EC-FD03C8156B82}.Release|Any CPU.Build.0 = Release|Any CPU
		{525D3E9D-278C-4286-9DDE-F57801903657}.Debug|Any CPU.ActiveCfg = Debug|Any CPU
		{525D3E9D-278C-4286-9DDE-F57801903657}.Debug|Any CPU.Build.0 = Debug|Any CPU
		{525D3E9D-278C-4286-9DDE-F57801903657}.Release|Any CPU.ActiveCfg = Release|Any CPU
		{525D3E9D-278C-4286-9DDE-F57801903657}.Release|Any CPU.Build.0 = Release|Any CPU
		{C12C21D1-97DC-4F4B-8EFB-95E0F297F3E7}.Debug|Any CPU.ActiveCfg = Debug|Any CPU
		{C12C21D1-97DC-4F4B-8EFB-95E0F297F3E7}.Debug|Any CPU.Build.0 = Debug|Any CPU
		{C12C21D1-97DC-4F4B-8EFB-95E0F297F3E7}.Release|Any CPU.ActiveCfg = Release|Any CPU
		{C12C21D1-97DC-4F4B-8EFB-95E0F297F3E7}.Release|Any CPU.Build.0 = Release|Any CPU
		{04358161-8751-42F4-98C6-BE908331E686}.Debug|Any CPU.ActiveCfg = Debug|Any CPU
		{04358161-8751-42F4-98C6-BE908331E686}.Debug|Any CPU.Build.0 = Debug|Any CPU
		{04358161-8751-42F4-98C6-BE908331E686}.Release|Any CPU.ActiveCfg = Release|Any CPU
		{04358161-8751-42F4-98C6-BE908331E686}.Release|Any CPU.Build.0 = Release|Any CPU
	EndGlobalSection
	GlobalSection(SolutionProperties) = preSolution
		HideSolutionNode = FALSE
	EndGlobalSection
	GlobalSection(NestedProjects) = preSolution
		{A3A928C4-BFEE-4F7E-A70C-6A37EC7841A6} = {CE010842-33C6-4796-8BA4-67997C4FA8A3}
		{3DF431A0-CF0B-4B92-9ACC-1EBCAD5B37C9} = {CE010842-33C6-4796-8BA4-67997C4FA8A3}
		{E52F67DD-FE6A-4379-A83A-3C5F350E7D8E} = {CE010842-33C6-4796-8BA4-67997C4FA8A3}
		{4169974D-126D-4BBC-AFD6-B51002343902} = {CE010842-33C6-4796-8BA4-67997C4FA8A3}
		{F0D0B0FF-88DB-40F4-BC67-44F7CFE746C1} = {1D041DD2-1052-4A76-81B2-1EFA51B60276}
		{6ECF275C-9FE1-4A60-BC86-BE32F5E3D4AB} = {1D041DD2-1052-4A76-81B2-1EFA51B60276}
		{FDD90613-9883-4916-95EC-FD03C8156B82} = {1D041DD2-1052-4A76-81B2-1EFA51B60276}
		{525D3E9D-278C-4286-9DDE-F57801903657} = {1D041DD2-1052-4A76-81B2-1EFA51B60276}
		{C12C21D1-97DC-4F4B-8EFB-95E0F297F3E7} = {CFB38D3E-A801-4C31-AFB2-A268B6BD878D}
		{04358161-8751-42F4-98C6-BE908331E686} = {450CA777-EFEC-4FDF-8461-5E2DAFD6A3F8}
	EndGlobalSection
	GlobalSection(ExtensibilityGlobals) = postSolution
		SolutionGuid = {4A4242AB-9260-47B0-8E11-475A0D8EE5A9}
	EndGlobalSection
EndGlobal
